// !$*UTF8*$!
{
	archiveVersion = 1;
	classes = {
	};
	objectVersion = 46;
	objects = {

/* Begin PBXBuildFile section */
		E49B8DCE169D2220009D7AE8 /* UIKit.framework in Frameworks */ = {isa = PBXBuildFile; fileRef = E49B8DCD169D2220009D7AE8 /* UIKit.framework */; };
		E49B8DD0169D2220009D7AE8 /* Foundation.framework in Frameworks */ = {isa = PBXBuildFile; fileRef = E49B8DCF169D2220009D7AE8 /* Foundation.framework */; };
		E49B8DD2169D2220009D7AE8 /* CoreGraphics.framework in Frameworks */ = {isa = PBXBuildFile; fileRef = E49B8DD1169D2220009D7AE8 /* CoreGraphics.framework */; };
		E49B8DD8169D2221009D7AE8 /* InfoPlist.strings in Resources */ = {isa = PBXBuildFile; fileRef = E49B8DD6169D2221009D7AE8 /* InfoPlist.strings */; };
		E49B8DDA169D2221009D7AE8 /* main.m in Sources */ = {isa = PBXBuildFile; fileRef = E49B8DD9169D2221009D7AE8 /* main.m */; };
		E49B8DDE169D2221009D7AE8 /* AppDelegate.m in Sources */ = {isa = PBXBuildFile; fileRef = E49B8DDD169D2221009D7AE8 /* AppDelegate.m */; };
		E49B8DE0169D2221009D7AE8 /* Default.png in Resources */ = {isa = PBXBuildFile; fileRef = E49B8DDF169D2221009D7AE8 /* Default.png */; };
		E49B8DE2169D2221009D7AE8 /* Default@2x.png in Resources */ = {isa = PBXBuildFile; fileRef = E49B8DE1169D2221009D7AE8 /* Default@2x.png */; };
		E49B8DE4169D2221009D7AE8 /* Default-568h@2x.png in Resources */ = {isa = PBXBuildFile; fileRef = E49B8DE3169D2221009D7AE8 /* Default-568h@2x.png */; };
		E49B8DE7169D2221009D7AE8 /* ViewController.m in Sources */ = {isa = PBXBuildFile; fileRef = E49B8DE6169D2221009D7AE8 /* ViewController.m */; };
		E49B8DEA169D2221009D7AE8 /* ViewController.xib in Resources */ = {isa = PBXBuildFile; fileRef = E49B8DE8169D2221009D7AE8 /* ViewController.xib */; };
		E49B8DF3169D224C009D7AE8 /* XMTouchableTableView.m in Sources */ = {isa = PBXBuildFile; fileRef = E49B8DF1169D224C009D7AE8 /* XMTouchableTableView.m */; };
/* End PBXBuildFile section */

/* Begin PBXFileReference section */
		E49B8DC9169D2220009D7AE8 /* XMTouchableTableView.app */ = {isa = PBXFileReference; explicitFileType = wrapper.application; includeInIndex = 0; path = XMTouchableTableView.app; sourceTree = BUILT_PRODUCTS_DIR; };
		E49B8DCD169D2220009D7AE8 /* UIKit.framework */ = {isa = PBXFileReference; lastKnownFileType = wrapper.framework; name = UIKit.framework; path = System/Library/Frameworks/UIKit.framework; sourceTree = SDKROOT; };
		E49B8DCF169D2220009D7AE8 /* Foundation.framework */ = {isa = PBXFileReference; lastKnownFileType = wrapper.framework; name = Foundation.framework; path = System/Library/Frameworks/Foundation.framework; sourceTree = SDKROOT; };
		E49B8DD1169D2220009D7AE8 /* CoreGraphics.framework */ = {isa = PBXFileReference; lastKnownFileType = wrapper.framework; name = CoreGraphics.framework; path = System/Library/Frameworks/CoreGraphics.framework; sourceTree = SDKROOT; };
		E49B8DD5169D2221009D7AE8 /* XMTouchableTableView-Info.plist */ = {isa = PBXFileReference; lastKnownFileType = text.plist.xml; path = "XMTouchableTableView-Info.plist"; sourceTree = "<group>"; };
		E49B8DD7169D2221009D7AE8 /* en */ = {isa = PBXFileReference; lastKnownFileType = text.plist.strings; name = en; path = en.lproj/InfoPlist.strings; sourceTree = "<group>"; };
		E49B8DD9169D2221009D7AE8 /* main.m */ = {isa = PBXFileReference; lastKnownFileType = sourcecode.c.objc; path = main.m; sourceTree = "<group>"; };
		E49B8DDB169D2221009D7AE8 /* XMTouchableTableView-Prefix.pch */ = {isa = PBXFileReference; lastKnownFileType = sourcecode.c.h; path = "XMTouchableTableView-Prefix.pch"; sourceTree = "<group>"; };
		E49B8DDC169D2221009D7AE8 /* AppDelegate.h */ = {isa = PBXFileReference; lastKnownFileType = sourcecode.c.h; path = AppDelegate.h; sourceTree = "<group>"; };
		E49B8DDD169D2221009D7AE8 /* AppDelegate.m */ = {isa = PBXFileReference; lastKnownFileType = sourcecode.c.objc; path = AppDelegate.m; sourceTree = "<group>"; };
		E49B8DDF169D2221009D7AE8 /* Default.png */ = {isa = PBXFileReference; lastKnownFileType = image.png; path = Default.png; sourceTree = "<group>"; };
		E49B8DE1169D2221009D7AE8 /* Default@2x.png */ = {isa = PBXFileReference; lastKnownFileType = image.png; path = "Default@2x.png"; sourceTree = "<group>"; };
		E49B8DE3169D2221009D7AE8 /* Default-568h@2x.png */ = {isa = PBXFileReference; lastKnownFileType = image.png; path = "Default-568h@2x.png"; sourceTree = "<group>"; };
		E49B8DE5169D2221009D7AE8 /* ViewController.h */ = {isa = PBXFileReference; lastKnownFileType = sourcecode.c.h; path = ViewController.h; sourceTree = "<group>"; };
		E49B8DE6169D2221009D7AE8 /* ViewController.m */ = {isa = PBXFileReference; lastKnownFileType = sourcecode.c.objc; path = ViewController.m; sourceTree = "<group>"; };
		E49B8DE9169D2221009D7AE8 /* en */ = {isa = PBXFileReference; lastKnownFileType = file.xib; name = en; path = en.lproj/ViewController.xib; sourceTree = "<group>"; };
		E49B8DF0169D224C009D7AE8 /* XMTouchableTableView.h */ = {isa = PBXFileReference; fileEncoding = 4; lastKnownFileType = sourcecode.c.h; path = XMTouchableTableView.h; sourceTree = "<group>"; };
		E49B8DF1169D224C009D7AE8 /* XMTouchableTableView.m */ = {isa = PBXFileReference; fileEncoding = 4; lastKnownFileType = sourcecode.c.objc; path = XMTouchableTableView.m; sourceTree = "<group>"; };
		E49B8DF2169D224C009D7AE8 /* XMTouchableTableViewDelegate.h */ = {isa = PBXFileReference; fileEncoding = 4; lastKnownFileType = sourcecode.c.h; path = XMTouchableTableViewDelegate.h; sourceTree = "<group>"; };
/* End PBXFileReference section */

/* Begin PBXFrameworksBuildPhase section */
		E49B8DC6169D2220009D7AE8 /* Frameworks */ = {
			isa = PBXFrameworksBuildPhase;
			buildActionMask = 2147483647;
			files = (
				E49B8DCE169D2220009D7AE8 /* UIKit.framework in Frameworks */,
				E49B8DD0169D2220009D7AE8 /* Foundation.framework in Frameworks */,
				E49B8DD2169D2220009D7AE8 /* CoreGraphics.framework in Frameworks */,
			);
			runOnlyForDeploymentPostprocessing = 0;
		};
/* End PBXFrameworksBuildPhase section */

/* Begin PBXGroup section */
		E49B8DBE169D2220009D7AE8 = {
			isa = PBXGroup;
			children = (
				E49B8DF0169D224C009D7AE8 /* XMTouchableTableView.h */,
				E49B8DF1169D224C009D7AE8 /* XMTouchableTableView.m */,
				E49B8DF2169D224C009D7AE8 /* XMTouchableTableViewDelegate.h */,
				E49B8DD3169D2220009D7AE8 /* XMTouchableTableViewSample */,
				E49B8DCC169D2220009D7AE8 /* Frameworks */,
				E49B8DCA169D2220009D7AE8 /* Products */,
			);
			sourceTree = "<group>";
		};
		E49B8DCA169D2220009D7AE8 /* Products */ = {
			isa = PBXGroup;
			children = (
				E49B8DC9169D2220009D7AE8 /* XMTouchableTableView.app */,
			);
			name = Products;
			sourceTree = "<group>";
		};
		E49B8DCC169D2220009D7AE8 /* Frameworks */ = {
			isa = PBXGroup;
			children = (
				E49B8DCD169D2220009D7AE8 /* UIKit.framework */,
				E49B8DCF169D2220009D7AE8 /* Foundation.framework */,
				E49B8DD1169D2220009D7AE8 /* CoreGraphics.framework */,
			);
			name = Frameworks;
			sourceTree = "<group>";
		};
		E49B8DD3169D2220009D7AE8 /* XMTouchableTableViewSample */ = {
			isa = PBXGroup;
			children = (
				E49B8DDC169D2221009D7AE8 /* AppDelegate.h */,
				E49B8DDD169D2221009D7AE8 /* AppDelegate.m */,
				E49B8DE5169D2221009D7AE8 /* ViewController.h */,
				E49B8DE6169D2221009D7AE8 /* ViewController.m */,
				E49B8DE8169D2221009D7AE8 /* ViewController.xib */,
				E49B8DD4169D2221009D7AE8 /* Supporting Files */,
			);
			name = XMTouchableTableViewSample;
			path = XMTouchableTableView;
			sourceTree = "<group>";
		};
		E49B8DD4169D2221009D7AE8 /* Supporting Files */ = {
			isa = PBXGroup;
			children = (
				E49B8DD5169D2221009D7AE8 /* XMTouchableTableView-Info.plist */,
				E49B8DD6169D2221009D7AE8 /* InfoPlist.strings */,
				E49B8DD9169D2221009D7AE8 /* main.m */,
				E49B8DDB169D2221009D7AE8 /* XMTouchableTableView-Prefix.pch */,
				E49B8DDF169D2221009D7AE8 /* Default.png */,
				E49B8DE1169D2221009D7AE8 /* Default@2x.png */,
				E49B8DE3169D2221009D7AE8 /* Default-568h@2x.png */,
			);
			name = "Supporting Files";
			sourceTree = "<group>";
		};
/* End PBXGroup section */

/* Begin PBXNativeTarget section */
		E49B8DC8169D2220009D7AE8 /* XMTouchableTableView */ = {
			isa = PBXNativeTarget;
			buildConfigurationList = E49B8DED169D2221009D7AE8 /* Build configuration list for PBXNativeTarget "XMTouchableTableView" */;
			buildPhases = (
				E49B8DC5169D2220009D7AE8 /* Sources */,
				E49B8DC6169D2220009D7AE8 /* Frameworks */,
				E49B8DC7169D2220009D7AE8 /* Resources */,
			);
			buildRules = (
			);
			dependencies = (
			);
			name = XMTouchableTableView;
			productName = XMTouchableTableView;
			productReference = E49B8DC9169D2220009D7AE8 /* XMTouchableTableView.app */;
			productType = "com.apple.product-type.application";
		};
/* End PBXNativeTarget section */

/* Begin PBXProject section */
		E49B8DC0169D2220009D7AE8 /* Project object */ = {
			isa = PBXProject;
			attributes = {
				LastUpgradeCheck = 0450;
				ORGANIZATIONNAME = undancer;
			};
			buildConfigurationList = E49B8DC3169D2220009D7AE8 /* Build configuration list for PBXProject "XMTouchableTableView" */;
			compatibilityVersion = "Xcode 3.2";
			developmentRegion = English;
			hasScannedForEncodings = 0;
			knownRegions = (
				en,
			);
			mainGroup = E49B8DBE169D2220009D7AE8;
			productRefGroup = E49B8DCA169D2220009D7AE8 /* Products */;
			projectDirPath = "";
			projectRoot = "";
			targets = (
				E49B8DC8169D2220009D7AE8 /* XMTouchableTableView */,
			);
		};
/* End PBXProject section */

/* Begin PBXResourcesBuildPhase section */
		E49B8DC7169D2220009D7AE8 /* Resources */ = {
			isa = PBXResourcesBuildPhase;
			buildActionMask = 2147483647;
			files = (
				E49B8DD8169D2221009D7AE8 /* InfoPlist.strings in Resources */,
				E49B8DE0169D2221009D7AE8 /* Default.png in Resources */,
				E49B8DE2169D2221009D7AE8 /* Default@2x.png in Resources */,
				E49B8DE4169D2221009D7AE8 /* Default-568h@2x.png in Resources */,
				E49B8DEA169D2221009D7AE8 /* ViewController.xib in Resources */,
			);
			runOnlyForDeploymentPostprocessing = 0;
		};
/* End PBXResourcesBuildPhase section */

/* Begin PBXSourcesBuildPhase section */
		E49B8DC5169D2220009D7AE8 /* Sources */ = {
			isa = PBXSourcesBuildPhase;
			buildActionMask = 2147483647;
			files = (
				E49B8DDA169D2221009D7AE8 /* main.m in Sources */,
				E49B8DDE169D2221009D7AE8 /* AppDelegate.m in Sources */,
				E49B8DE7169D2221009D7AE8 /* ViewController.m in Sources */,
				E49B8DF3169D224C009D7AE8 /* XMTouchableTableView.m in Sources */,
			);
			runOnlyForDeploymentPostprocessing = 0;
		};
/* End PBXSourcesBuildPhase section */

/* Begin PBXVariantGroup section */
		E49B8DD6169D2221009D7AE8 /* InfoPlist.strings */ = {
			isa = PBXVariantGroup;
			children = (
				E49B8DD7169D2221009D7AE8 /* en */,
			);
			name = InfoPlist.strings;
			sourceTree = "<group>";
		};
		E49B8DE8169D2221009D7AE8 /* ViewController.xib */ = {
			isa = PBXVariantGroup;
			children = (
				E49B8DE9169D2221009D7AE8 /* en */,
			);
			name = ViewController.xib;
			sourceTree = "<group>";
		};
/* End PBXVariantGroup section */

/* Begin XCBuildConfiguration section */
		E49B8DEB169D2221009D7AE8 /* Debug */ = {
			isa = XCBuildConfiguration;
			buildSettings = {
				ALWAYS_SEARCH_USER_PATHS = NO;
				CLANG_CXX_LANGUAGE_STANDARD = "gnu++0x";
				CLANG_CXX_LIBRARY = "libc++";
				CLANG_WARN_EMPTY_BODY = YES;
				CLANG_WARN__DUPLICATE_METHOD_MATCH = YES;
				"CODE_SIGN_IDENTITY[sdk=iphoneos*]" = "iPhone Developer";
				COPY_PHASE_STRIP = NO;
				GCC_C_LANGUAGE_STANDARD = gnu99;
				GCC_DYNAMIC_NO_PIC = NO;
				GCC_OPTIMIZATION_LEVEL = 0;
				GCC_PREPROCESSOR_DEFINITIONS = (
					"DEBUG=1",
					"$(inherited)",
				);
				GCC_SYMBOLS_PRIVATE_EXTERN = NO;
				GCC_WARN_ABOUT_RETURN_TYPE = YES;
				GCC_WARN_UNINITIALIZED_AUTOS = YES;
				GCC_WARN_UNUSED_VARIABLE = YES;
				IPHONEOS_DEPLOYMENT_TARGET = 6.0;
				ONLY_ACTIVE_ARCH = YES;
				SDKROOT = iphoneos;
			};
			name = Debug;
		};
		E49B8DEC169D2221009D7AE8 /* Release */ = {
			isa = XCBuildConfiguration;
			buildSettings = {
				ALWAYS_SEARCH_USER_PATHS = NO;
				CLANG_CXX_LANGUAGE_STANDARD = "gnu++0x";
				CLANG_CXX_LIBRARY = "libc++";
				CLANG_WARN_EMPTY_BODY = YES;
				CLANG_WARN__DUPLICATE_METHOD_MATCH = YES;
				"CODE_SIGN_IDENTITY[sdk=iphoneos*]" = "iPhone Developer";
				COPY_PHASE_STRIP = YES;
				GCC_C_LANGUAGE_STANDARD = gnu99;
				GCC_WARN_ABOUT_RETURN_TYPE = YES;
				GCC_WARN_UNINITIALIZED_AUTOS = YES;
				GCC_WARN_UNUSED_VARIABLE = YES;
				IPHONEOS_DEPLOYMENT_TARGET = 6.0;
				OTHER_CFLAGS = "-DNS_BLOCK_ASSERTIONS=1";
				SDKROOT = iphoneos;
				VALIDATE_PRODUCT = YES;
			};
			name = Release;
		};
		E49B8DEE169D2221009D7AE8 /* Debug */ = {
			isa = XCBuildConfiguration;
			buildSettings = {
				GCC_PRECOMPILE_PREFIX_HEADER = YES;
				GCC_PREFIX_HEADER = "XMTouchableTableView/XMTouchableTableView-Prefix.pch";
				INFOPLIST_FILE = "XMTouchableTableView/XMTouchableTableView-Info.plist";
				PRODUCT_NAME = "$(TARGET_NAME)";
				WRAPPER_EXTENSION = app;
			};
			name = Debug;
		};
		E49B8DEF169D2221009D7AE8 /* Release */ = {
			isa = XCBuildConfiguration;
			buildSettings = {
				GCC_PRECOMPILE_PREFIX_HEADER = YES;
				GCC_PREFIX_HEADER = "XMTouchableTableView/XMTouchableTableView-Prefix.pch";
				INFOPLIST_FILE = "XMTouchableTableView/XMTouchableTableView-Info.plist";
				PRODUCT_NAME = "$(TARGET_NAME)";
				WRAPPER_EXTENSION = app;
			};
			name = Release;
		};
/* End XCBuildConfiguration section */

/* Begin XCConfigurationList section */
		E49B8DC3169D2220009D7AE8 /* Build configuration list for PBXProject "XMTouchableTableView" */ = {
			isa = XCConfigurationList;
			buildConfigurations = (
				E49B8DEB169D2221009D7AE8 /* Debug */,
				E49B8DEC169D2221009D7AE8 /* Release */,
			);
			defaultConfigurationIsVisible = 0;
			defaultConfigurationName = Release;
		};
		E49B8DED169D2221009D7AE8 /* Build configuration list for PBXNativeTarget "XMTouchableTableView" */ = {
			isa = XCConfigurationList;
			buildConfigurations = (
				E49B8DEE169D2221009D7AE8 /* Debug */,
				E49B8DEF169D2221009D7AE8 /* Release */,
			);
			defaultConfigurationIsVisible = 0;
		};
/* End XCConfigurationList section */
	};
	rootObject = E49B8DC0169D2220009D7AE8 /* Project object */;
}
